{
  "name": "claimable-dep-demo",
  "version": "1.0.0",
  "lockfileVersion": 3,
  "requires": true,
  "packages": {
    "": {
      "name": "claimable-dep-demo",
      "version": "1.0.0",
      "dependencies": {
        "dayjs": "^1.11.11",
        "@example-business/utils": "1.0.0"
      }
    },
    "node_modules/dayjs": {
      "version": "1.11.11",
      "resolved": "https://registry.npmjs.org/dayjs/-/dayjs-1.11.11.tgz",
      "integrity": "sha512-hcG8RZLx8v0P3g3xgK2kM5fF7QxZq8Tj1mHa1m9J6Ewz9T6snXkq2E0t7m8m6hIu2KpV+o7cDq7O2j8H6wH1+w=="
    }
  },
  "dependencies": {
    "dayjs": {
      "version": "1.11.11",
      "resolved": "https://registry.npmjs.org/dayjs/-/dayjs-1.11.11.tgz",
      "integrity": "sha512-hcG8RZLx8v0P3g3xgK2kM5fF7QxZq8Tj1mHa1m9J6Ewz9T6snXkq2E0t7m8m6hIu2KpV+o7cDq7O2j8H6wH1+w=="
    }
  }
}
